
Microsoft Visual Studio Solution File, Format Version 12.00
# Visual Studio Version 17
VisualStudioVersion = 17.14.36623.8 d17.14
MinimumVisualStudioVersion = 10.0.40219.1
Project("{FAE04EC0-301F-11D3-BF4B-00C04F79EFBC}") = "SwitchStatement", "SwitchStatement\SwitchStatement.csproj", "{17D6809F-9E1C-4BA2-8983-42B32C822DB5}"
EndProject
Global
	GlobalSection(SolutionConfigurationPlatforms) = preSolution
		Debug|Any CPU = Debug|Any CPU
		Release|Any CPU = Release|Any CPU
	EndGlobalSection
	GlobalSection(ProjectConfigurationPlatforms) = postSolution
		{17D6809F-9E1C-4BA2-8983-42B32C822DB5}.Debug|Any CPU.ActiveCfg = Debug|Any CPU
		{17D6809F-9E1C-4BA2-8983-42B32C822DB5}.Debug|Any CPU.Build.0 = Debug|Any CPU
		{17D6809F-9E1C-4BA2-8983-42B32C822DB5}.Release|Any CPU.ActiveCfg = Release|Any CPU
		{17D6809F-9E1C-4BA2-8983-42B32C822DB5}.Release|Any CPU.Build.0 = Release|Any CPU
	EndGlobalSection
	GlobalSection(SolutionProperties) = preSolution
		HideSolutionNode = FALSE
	EndGlobalSection
	GlobalSection(ExtensibilityGlobals) = postSolution
		SolutionGuid = {FFCABF3E-FEE3-4868-93C6-92323A408113}
	EndGlobalSection
EndGlobal
